{
  "requires": true,
  "lockfileVersion": 1,
  "dependencies": {
    "vtfk-schools-info": {
      "version": "1.1.2",
      "resolved": "https://registry.npmjs.org/vtfk-schools-info/-/vtfk-schools-info-1.1.2.tgz",
      "integrity": "sha512-eMtiJH0nx9Hx0TpM+bgmRWcYjZGwBtBOekAqLr4XCYfYNcUYWtwdbyeILCIcrns8J+fS39tVasH82aW9KG/fqw=="
    }
  }
}
